
Microsoft Visual Studio Solution File, Format Version 12.00
# Visual Studio 14
VisualStudioVersion = 14.0.23107.0
MinimumVisualStudioVersion = 10.0.40219.1
Project("{FAE04EC0-301F-11D3-BF4B-00C04F79EFBC}") = "[EDD]Practica1_201404215", "[EDD]Practica1_201404215\[EDD]Practica1_201404215.csproj", "{06687B5A-3547-47DE-9E75-A8BBD1459AEE}"
EndProject
Global
	GlobalSection(SolutionConfigurationPlatforms) = preSolution
		Debug|Any CPU = Debug|Any CPU
		Release|Any CPU = Release|Any CPU
	EndGlobalSection
	GlobalSection(ProjectConfigurationPlatforms) = postSolution
		{06687B5A-3547-47DE-9E75-A8BBD1459AEE}.Debug|Any CPU.ActiveCfg = Debug|Any CPU
		{06687B5A-3547-47DE-9E75-A8BBD1459AEE}.Debug|Any CPU.Build.0 = Debug|Any CPU
		{06687B5A-3547-47DE-9E75-A8BBD1459AEE}.Release|Any CPU.ActiveCfg = Release|Any CPU
		{06687B5A-3547-47DE-9E75-A8BBD1459AEE}.Release|Any CPU.Build.0 = Release|Any CPU
	EndGlobalSection
	GlobalSection(SolutionProperties) = preSolution
		HideSolutionNode = FALSE
	EndGlobalSection
EndGlobal
